
Microsoft Visual Studio Solution File, Format Version 12.00
# Visual Studio Version 17
VisualStudioVersion = 17.9.34723.18
MinimumVisualStudioVersion = 10.0.40219.1
Project("{FAE04EC0-301F-11D3-BF4B-00C04F79EFBC}") = "BonosAyto", "BonosAyto\BonosAyto.csproj", "{500BED13-0A03-47D5-8477-0389ADF183A9}"
EndProject
Project("{FAE04EC0-301F-11D3-BF4B-00C04F79EFBC}") = "BonosAytoService", "BonosAytoService\BonosAytoService.csproj", "{49CAAA52-CCAE-47AF-BA09-40D443BCD1F6}"
EndProject
Global
	GlobalSection(SolutionConfigurationPlatforms) = preSolution
		Debug|Any CPU = Debug|Any CPU
		Release|Any CPU = Release|Any CPU
	EndGlobalSection
	GlobalSection(ProjectConfigurationPlatforms) = postSolution
		{500BED13-0A03-47D5-8477-0389ADF183A9}.Debug|Any CPU.ActiveCfg = Debug|Any CPU
		{500BED13-0A03-47D5-8477-0389ADF183A9}.Debug|Any CPU.Build.0 = Debug|Any CPU
		{500BED13-0A03-47D5-8477-0389ADF183A9}.Release|Any CPU.ActiveCfg = Release|Any CPU
		{500BED13-0A03-47D5-8477-0389ADF183A9}.Release|Any CPU.Build.0 = Release|Any CPU
		{49CAAA52-CCAE-47AF-BA09-40D443BCD1F6}.Debug|Any CPU.ActiveCfg = Debug|Any CPU
		{49CAAA52-CCAE-47AF-BA09-40D443BCD1F6}.Debug|Any CPU.Build.0 = Debug|Any CPU
		{49CAAA52-CCAE-47AF-BA09-40D443BCD1F6}.Release|Any CPU.ActiveCfg = Release|Any CPU
		{49CAAA52-CCAE-47AF-BA09-40D443BCD1F6}.Release|Any CPU.Build.0 = Release|Any CPU
	EndGlobalSection
	GlobalSection(SolutionProperties) = preSolution
		HideSolutionNode = FALSE
	EndGlobalSection
	GlobalSection(ExtensibilityGlobals) = postSolution
		SolutionGuid = {A27989FD-7ECB-46A1-B1C2-A9B86C625061}
	EndGlobalSection
EndGlobal
